
Microsoft Visual Studio Solution File, Format Version 12.00
# Visual Studio Version 16
VisualStudioVersion = 16.0.29123.88
MinimumVisualStudioVersion = 10.0.40219.1
Project("{FAE04EC0-301F-11D3-BF4B-00C04F79EFBC}") = "TimeSpans", "TimeSpans\TimeSpans.csproj", "{1DD91E25-FA35-40D9-8C27-D07ACE776F30}"
EndProject
Global
	GlobalSection(SolutionConfigurationPlatforms) = preSolution
		Debug|Any CPU = Debug|Any CPU
		Release|Any CPU = Release|Any CPU
	EndGlobalSection
	GlobalSection(ProjectConfigurationPlatforms) = postSolution
		{1DD91E25-FA35-40D9-8C27-D07ACE776F30}.Debug|Any CPU.ActiveCfg = Debug|Any CPU
		{1DD91E25-FA35-40D9-8C27-D07ACE776F30}.Debug|Any CPU.Build.0 = Debug|Any CPU
		{1DD91E25-FA35-40D9-8C27-D07ACE776F30}.Release|Any CPU.ActiveCfg = Release|Any CPU
		{1DD91E25-FA35-40D9-8C27-D07ACE776F30}.Release|Any CPU.Build.0 = Release|Any CPU
	EndGlobalSection
	GlobalSection(SolutionProperties) = preSolution
		HideSolutionNode = FALSE
	EndGlobalSection
	GlobalSection(ExtensibilityGlobals) = postSolution
		SolutionGuid = {470BB383-3359-4787-B43C-0F52CB0C42D8}
	EndGlobalSection
EndGlobal
