
Microsoft Visual Studio Solution File, Format Version 12.00
# Visual Studio Version 16
VisualStudioVersion = 16.0.29123.88
MinimumVisualStudioVersion = 10.0.40219.1
Project("{FAE04EC0-301F-11D3-BF4B-00C04F79EFBC}") = "Arrays", "Arrays\Arrays.csproj", "{801A7075-9391-453A-B8A5-3E8E372F6AC4}"
EndProject
Global
	GlobalSection(SolutionConfigurationPlatforms) = preSolution
		Debug|Any CPU = Debug|Any CPU
		Release|Any CPU = Release|Any CPU
	EndGlobalSection
	GlobalSection(ProjectConfigurationPlatforms) = postSolution
		{801A7075-9391-453A-B8A5-3E8E372F6AC4}.Debug|Any CPU.ActiveCfg = Debug|Any CPU
		{801A7075-9391-453A-B8A5-3E8E372F6AC4}.Debug|Any CPU.Build.0 = Debug|Any CPU
		{801A7075-9391-453A-B8A5-3E8E372F6AC4}.Release|Any CPU.ActiveCfg = Release|Any CPU
		{801A7075-9391-453A-B8A5-3E8E372F6AC4}.Release|Any CPU.Build.0 = Release|Any CPU
	EndGlobalSection
	GlobalSection(SolutionProperties) = preSolution
		HideSolutionNode = FALSE
	EndGlobalSection
	GlobalSection(ExtensibilityGlobals) = postSolution
		SolutionGuid = {2E9A845B-A127-4C24-8E65-EAEDE3426490}
	EndGlobalSection
EndGlobal
