
Microsoft Visual Studio Solution File, Format Version 12.00
# Visual Studio Version 16
VisualStudioVersion = 16.0.29123.88
MinimumVisualStudioVersion = 10.0.40219.1
Project("{FAE04EC0-301F-11D3-BF4B-00C04F79EFBC}") = "PathMethods", "PathMethods\PathMethods.csproj", "{37BA59F3-7009-406B-9185-A89FC0BF1F6F}"
EndProject
Global
	GlobalSection(SolutionConfigurationPlatforms) = preSolution
		Debug|Any CPU = Debug|Any CPU
		Release|Any CPU = Release|Any CPU
	EndGlobalSection
	GlobalSection(ProjectConfigurationPlatforms) = postSolution
		{37BA59F3-7009-406B-9185-A89FC0BF1F6F}.Debug|Any CPU.ActiveCfg = Debug|Any CPU
		{37BA59F3-7009-406B-9185-A89FC0BF1F6F}.Debug|Any CPU.Build.0 = Debug|Any CPU
		{37BA59F3-7009-406B-9185-A89FC0BF1F6F}.Release|Any CPU.ActiveCfg = Release|Any CPU
		{37BA59F3-7009-406B-9185-A89FC0BF1F6F}.Release|Any CPU.Build.0 = Release|Any CPU
	EndGlobalSection
	GlobalSection(SolutionProperties) = preSolution
		HideSolutionNode = FALSE
	EndGlobalSection
	GlobalSection(ExtensibilityGlobals) = postSolution
		SolutionGuid = {E5CC171D-C91F-4132-989B-757F88C7B405}
	EndGlobalSection
EndGlobal
